
Microsoft Visual Studio Solution File, Format Version 12.00
# Visual Studio Version 17
VisualStudioVersion = 17.1.32319.34
MinimumVisualStudioVersion = 10.0.40219.1
Project("{9A19103F-16F7-4668-BE54-9A1E7A4F7556}") = "RazorPizzeria", "RazorPizzaApp\RazorPizzeria.csproj", "{4AF8DE3C-FAB3-4C92-90A4-AE1EF3DF0F84}"
EndProject
Global
	GlobalSection(SolutionConfigurationPlatforms) = preSolution
		Debug|Any CPU = Debug|Any CPU
		Release|Any CPU = Release|Any CPU
	EndGlobalSection
	GlobalSection(ProjectConfigurationPlatforms) = postSolution
		{4AF8DE3C-FAB3-4C92-90A4-AE1EF3DF0F84}.Debug|Any CPU.ActiveCfg = Debug|Any CPU
		{4AF8DE3C-FAB3-4C92-90A4-AE1EF3DF0F84}.Debug|Any CPU.Build.0 = Debug|Any CPU
		{4AF8DE3C-FAB3-4C92-90A4-AE1EF3DF0F84}.Release|Any CPU.ActiveCfg = Release|Any CPU
		{4AF8DE3C-FAB3-4C92-90A4-AE1EF3DF0F84}.Release|Any CPU.Build.0 = Release|Any CPU
	EndGlobalSection
	GlobalSection(SolutionProperties) = preSolution
		HideSolutionNode = FALSE
	EndGlobalSection
	GlobalSection(ExtensibilityGlobals) = postSolution
		SolutionGuid = {63A9A513-F608-4DBE-AA5E-025E18AE11D4}
	EndGlobalSection
EndGlobal
